
Microsoft Visual Studio Solution File, Format Version 12.00
# Visual Studio Version 17
VisualStudioVersion = 17.5.33530.505
MinimumVisualStudioVersion = 10.0.40219.1
Project("{FAE04EC0-301F-11D3-BF4B-00C04F79EFBC}") = "MvcMovie", "MvcMovie\MvcMovie.csproj", "{FA5221B5-09E0-478F-9C03-B63D01C30415}"
EndProject
Global
	GlobalSection(SolutionConfigurationPlatforms) = preSolution
		Debug|Any CPU = Debug|Any CPU
		Release|Any CPU = Release|Any CPU
	EndGlobalSection
	GlobalSection(ProjectConfigurationPlatforms) = postSolution
		{FA5221B5-09E0-478F-9C03-B63D01C30415}.Debug|Any CPU.ActiveCfg = Debug|Any CPU
		{FA5221B5-09E0-478F-9C03-B63D01C30415}.Debug|Any CPU.Build.0 = Debug|Any CPU
		{FA5221B5-09E0-478F-9C03-B63D01C30415}.Release|Any CPU.ActiveCfg = Release|Any CPU
		{FA5221B5-09E0-478F-9C03-B63D01C30415}.Release|Any CPU.Build.0 = Release|Any CPU
	EndGlobalSection
	GlobalSection(SolutionProperties) = preSolution
		HideSolutionNode = FALSE
	EndGlobalSection
	GlobalSection(ExtensibilityGlobals) = postSolution
		SolutionGuid = {C50BA1CE-CE98-4A44-A8AA-B5CF2F2EB4C2}
	EndGlobalSection
EndGlobal
